
Microsoft Visual Studio Solution File, Format Version 11.00
# Visual Studio 2010
Project("{FAE04EC0-301F-11D3-BF4B-00C04F79EFBC}") = "UnityEngine.UI", "UnityEngine.UI.csproj", "{979dfe98-9199-94e5-7d3c-a2abc20e4793}"
EndProject
Project("{FAE04EC0-301F-11D3-BF4B-00C04F79EFBC}") = "UEngine.HotFix", "UEngine.HotFix.csproj", "{cb89fd6d-e456-038c-4e3e-1508f547654a}"
EndProject
Project("{FAE04EC0-301F-11D3-BF4B-00C04F79EFBC}") = "UnityEngine.TestRunner", "UnityEngine.TestRunner.csproj", "{ed943ac8-3d8f-7c17-157d-c4c31cbc811c}"
EndProject
Project("{FAE04EC0-301F-11D3-BF4B-00C04F79EFBC}") = "UniTask", "UniTask.csproj", "{bab5d22a-8583-2c7d-88ed-c468ec0e7027}"
EndProject
Project("{FAE04EC0-301F-11D3-BF4B-00C04F79EFBC}") = "Unity.InputSystem", "Unity.InputSystem.csproj", "{37dc956a-ac73-a778-c063-9fbac5003603}"
EndProject
Project("{FAE04EC0-301F-11D3-BF4B-00C04F79EFBC}") = "NodeGraphProcessor.Examples", "NodeGraphProcessor.Examples.csproj", "{4fa9d2d7-792f-abe3-350a-36ce3f256551}"
EndProject
Project("{FAE04EC0-301F-11D3-BF4B-00C04F79EFBC}") = "AstarPathfindingProject", "AstarPathfindingProject.csproj", "{fa5be71f-d656-496b-4dcc-375d8109000d}"
EndProject
Project("{FAE04EC0-301F-11D3-BF4B-00C04F79EFBC}") = "UniTask.Linq", "UniTask.Linq.csproj", "{8e489ad3-ce7f-1f86-b4dd-48897ca61438}"
EndProject
Project("{FAE04EC0-301F-11D3-BF4B-00C04F79EFBC}") = "Unity.TextMeshPro", "Unity.TextMeshPro.csproj", "{dfd7019c-bb86-3498-4973-5d336b1f52ef}"
EndProject
Project("{FAE04EC0-301F-11D3-BF4B-00C04F79EFBC}") = "Cinemachine", "Cinemachine.csproj", "{fe0f4466-fc68-3bfe-96b7-2ccaaefe0c97}"
EndProject
Project("{FAE04EC0-301F-11D3-BF4B-00C04F79EFBC}") = "Unity.Timeline", "Unity.Timeline.csproj", "{63b491c9-db19-5561-f15e-1c9ea0e3c9f0}"
EndProject
Project("{FAE04EC0-301F-11D3-BF4B-00C04F79EFBC}") = "Animancer.Examples", "Animancer.Examples.csproj", "{3887fc76-16b0-e25b-d964-8c25cc3023a6}"
EndProject
Project("{FAE04EC0-301F-11D3-BF4B-00C04F79EFBC}") = "com.alelievr.NodeGraphProcessor.Runtime", "com.alelievr.NodeGraphProcessor.Runtime.csproj", "{2c5a86f7-1354-6e9b-6019-90c0890a7359}"
EndProject
Project("{FAE04EC0-301F-11D3-BF4B-00C04F79EFBC}") = "Animancer", "Animancer.csproj", "{159e65f6-d363-1a6d-ec57-6db30da1b98f}"
EndProject
Project("{FAE04EC0-301F-11D3-BF4B-00C04F79EFBC}") = "UniTask.DOTween", "UniTask.DOTween.csproj", "{ce75414b-41d6-dd43-490f-e90c57bacb93}"
EndProject
Project("{FAE04EC0-301F-11D3-BF4B-00C04F79EFBC}") = "Sirenix.OdinInspector.CompatibilityLayer", "Sirenix.OdinInspector.CompatibilityLayer.csproj", "{9f5687e3-5f72-c8f5-517b-584709b7d5d8}"
EndProject
Project("{FAE04EC0-301F-11D3-BF4B-00C04F79EFBC}") = "Animancer.FSM", "Animancer.FSM.csproj", "{774b51b6-b901-b97e-d593-35721140fea6}"
EndProject
Project("{FAE04EC0-301F-11D3-BF4B-00C04F79EFBC}") = "Unity.TerrainTools", "Unity.TerrainTools.csproj", "{68583b7a-d0df-9c91-f3b4-d87588098186}"
EndProject
Project("{FAE04EC0-301F-11D3-BF4B-00C04F79EFBC}") = "Assembly-CSharp", "Assembly-CSharp.csproj", "{03938ccd-4b40-8dfb-6b9b-21988d5cac0a}"
EndProject
Project("{FAE04EC0-301F-11D3-BF4B-00C04F79EFBC}") = "UniTask.TextMeshPro", "UniTask.TextMeshPro.csproj", "{ae6df5c0-a92f-6e81-5f7e-f196d8ffe5f0}"
EndProject
Project("{FAE04EC0-301F-11D3-BF4B-00C04F79EFBC}") = "UniTask.Addressables", "UniTask.Addressables.csproj", "{b8858eb3-3501-d713-3eb5-0c32e8dd6d32}"
EndProject
Project("{FAE04EC0-301F-11D3-BF4B-00C04F79EFBC}") = "Unity.PlasticSCM.Editor", "Unity.PlasticSCM.Editor.csproj", "{9f94db9c-5882-04d7-c896-b8fd99196c07}"
EndProject
Project("{FAE04EC0-301F-11D3-BF4B-00C04F79EFBC}") = "Unity.TerrainTools.Editor", "Unity.TerrainTools.Editor.csproj", "{ba51a4c8-9239-d011-7194-803734f26959}"
EndProject
Project("{FAE04EC0-301F-11D3-BF4B-00C04F79EFBC}") = "Unity.VisualStudio.Editor", "Unity.VisualStudio.Editor.csproj", "{2fd67010-5958-e159-3cc0-c54cbefa2290}"
EndProject
Project("{FAE04EC0-301F-11D3-BF4B-00C04F79EFBC}") = "Unity.Timeline.Editor", "Unity.Timeline.Editor.csproj", "{4f63daae-f5cd-01d3-9fa4-bd9bc22dc82d}"
EndProject
Project("{FAE04EC0-301F-11D3-BF4B-00C04F79EFBC}") = "com.unity.cinemachine.editor", "com.unity.cinemachine.editor.csproj", "{a9901dfa-ebb7-3afd-b6d6-cfd9d63240d4}"
EndProject
Project("{FAE04EC0-301F-11D3-BF4B-00C04F79EFBC}") = "Unity.TextMeshPro.Editor", "Unity.TextMeshPro.Editor.csproj", "{651b9223-1d49-3552-fade-892e6e843c3f}"
EndProject
Project("{FAE04EC0-301F-11D3-BF4B-00C04F79EFBC}") = "com.alelievr.NodeGraphProcessor.Editor", "com.alelievr.NodeGraphProcessor.Editor.csproj", "{27a20443-6d8f-cd44-e004-04d9c7340939}"
EndProject
Project("{FAE04EC0-301F-11D3-BF4B-00C04F79EFBC}") = "Unity.CollabProxy.Editor", "Unity.CollabProxy.Editor.csproj", "{4bef6551-7042-78d6-30a6-28520a4ec193}"
EndProject
Project("{FAE04EC0-301F-11D3-BF4B-00C04F79EFBC}") = "UnityEditor.TestRunner", "UnityEditor.TestRunner.csproj", "{84d77f67-4616-0a38-4f03-16ab5e7769f7}"
EndProject
Project("{FAE04EC0-301F-11D3-BF4B-00C04F79EFBC}") = "ParrelSync", "ParrelSync.csproj", "{6e8e66a2-0be3-e495-3a31-56632ea60505}"
EndProject
Project("{FAE04EC0-301F-11D3-BF4B-00C04F79EFBC}") = "Unity.Rider.Editor", "Unity.Rider.Editor.csproj", "{35b7e023-97a7-dbdc-b926-161520c4dc89}"
EndProject
Project("{FAE04EC0-301F-11D3-BF4B-00C04F79EFBC}") = "Assembly-CSharp-Editor", "Assembly-CSharp-Editor.csproj", "{c6e61163-200a-3b38-320b-694068de37a5}"
EndProject
Project("{FAE04EC0-301F-11D3-BF4B-00C04F79EFBC}") = "Sirenix.OdinInspector.CompatibilityLayer.Editor", "Sirenix.OdinInspector.CompatibilityLayer.Editor.csproj", "{e0456168-1ba5-5e68-ef99-a1034c8b63ab}"
EndProject
Project("{FAE04EC0-301F-11D3-BF4B-00C04F79EFBC}") = "AstarPathfindingProjectEditor", "AstarPathfindingProjectEditor.csproj", "{6befdd8c-23a1-33d8-aac6-996fc9568b1e}"
EndProject
Project("{FAE04EC0-301F-11D3-BF4B-00C04F79EFBC}") = "Unity.VSCode.Editor", "Unity.VSCode.Editor.csproj", "{d4ea3cf6-4521-64a8-65f2-ff3cc0a4e30c}"
EndProject
Project("{FAE04EC0-301F-11D3-BF4B-00C04F79EFBC}") = "UnityEditor.UI", "UnityEditor.UI.csproj", "{74e1c5c0-7c72-fa9f-cd43-b55bdef754da}"
EndProject
Project("{FAE04EC0-301F-11D3-BF4B-00C04F79EFBC}") = "Unity.EditorCoroutines.Editor", "Unity.EditorCoroutines.Editor.csproj", "{27c16002-6a26-6fb6-f4b6-79dfa3f17a36}"
EndProject
Project("{FAE04EC0-301F-11D3-BF4B-00C04F79EFBC}") = "UniTask.Editor", "UniTask.Editor.csproj", "{70f737f3-96c0-a435-36a5-5d782e401934}"
EndProject
Project("{FAE04EC0-301F-11D3-BF4B-00C04F79EFBC}") = "PackageToolsEditor", "PackageToolsEditor.csproj", "{346bfd4e-0076-82ff-20d5-7a2add949d31}"
EndProject
Global
	GlobalSection(SolutionConfigurationPlatforms) = preSolution
		Debug|Any CPU = Debug|Any CPU
		Release|Any CPU = Release|Any CPU
	EndGlobalSection
	GlobalSection(ProjectConfigurationPlatforms) = postSolution
		{979dfe98-9199-94e5-7d3c-a2abc20e4793}.Debug|Any CPU.ActiveCfg = Debug|Any CPU
		{979dfe98-9199-94e5-7d3c-a2abc20e4793}.Debug|Any CPU.Build.0 = Debug|Any CPU
		{979dfe98-9199-94e5-7d3c-a2abc20e4793}.Release|Any CPU.ActiveCfg = Release|Any CPU
		{979dfe98-9199-94e5-7d3c-a2abc20e4793}.Release|Any CPU.Build.0 = Release|Any CPU
		{cb89fd6d-e456-038c-4e3e-1508f547654a}.Debug|Any CPU.ActiveCfg = Debug|Any CPU
		{cb89fd6d-e456-038c-4e3e-1508f547654a}.Debug|Any CPU.Build.0 = Debug|Any CPU
		{cb89fd6d-e456-038c-4e3e-1508f547654a}.Release|Any CPU.ActiveCfg = Release|Any CPU
		{cb89fd6d-e456-038c-4e3e-1508f547654a}.Release|Any CPU.Build.0 = Release|Any CPU
		{ed943ac8-3d8f-7c17-157d-c4c31cbc811c}.Debug|Any CPU.ActiveCfg = Debug|Any CPU
		{ed943ac8-3d8f-7c17-157d-c4c31cbc811c}.Debug|Any CPU.Build.0 = Debug|Any CPU
		{ed943ac8-3d8f-7c17-157d-c4c31cbc811c}.Release|Any CPU.ActiveCfg = Release|Any CPU
		{ed943ac8-3d8f-7c17-157d-c4c31cbc811c}.Release|Any CPU.Build.0 = Release|Any CPU
		{bab5d22a-8583-2c7d-88ed-c468ec0e7027}.Debug|Any CPU.ActiveCfg = Debug|Any CPU
		{bab5d22a-8583-2c7d-88ed-c468ec0e7027}.Debug|Any CPU.Build.0 = Debug|Any CPU
		{bab5d22a-8583-2c7d-88ed-c468ec0e7027}.Release|Any CPU.ActiveCfg = Release|Any CPU
		{bab5d22a-8583-2c7d-88ed-c468ec0e7027}.Release|Any CPU.Build.0 = Release|Any CPU
		{37dc956a-ac73-a778-c063-9fbac5003603}.Debug|Any CPU.ActiveCfg = Debug|Any CPU
		{37dc956a-ac73-a778-c063-9fbac5003603}.Debug|Any CPU.Build.0 = Debug|Any CPU
		{37dc956a-ac73-a778-c063-9fbac5003603}.Release|Any CPU.ActiveCfg = Release|Any CPU
		{37dc956a-ac73-a778-c063-9fbac5003603}.Release|Any CPU.Build.0 = Release|Any CPU
		{4fa9d2d7-792f-abe3-350a-36ce3f256551}.Debug|Any CPU.ActiveCfg = Debug|Any CPU
		{4fa9d2d7-792f-abe3-350a-36ce3f256551}.Debug|Any CPU.Build.0 = Debug|Any CPU
		{4fa9d2d7-792f-abe3-350a-36ce3f256551}.Release|Any CPU.ActiveCfg = Release|Any CPU
		{4fa9d2d7-792f-abe3-350a-36ce3f256551}.Release|Any CPU.Build.0 = Release|Any CPU
		{fa5be71f-d656-496b-4dcc-375d8109000d}.Debug|Any CPU.ActiveCfg = Debug|Any CPU
		{fa5be71f-d656-496b-4dcc-375d8109000d}.Debug|Any CPU.Build.0 = Debug|Any CPU
		{fa5be71f-d656-496b-4dcc-375d8109000d}.Release|Any CPU.ActiveCfg = Release|Any CPU
		{fa5be71f-d656-496b-4dcc-375d8109000d}.Release|Any CPU.Build.0 = Release|Any CPU
		{8e489ad3-ce7f-1f86-b4dd-48897ca61438}.Debug|Any CPU.ActiveCfg = Debug|Any CPU
		{8e489ad3-ce7f-1f86-b4dd-48897ca61438}.Debug|Any CPU.Build.0 = Debug|Any CPU
		{8e489ad3-ce7f-1f86-b4dd-48897ca61438}.Release|Any CPU.ActiveCfg = Release|Any CPU
		{8e489ad3-ce7f-1f86-b4dd-48897ca61438}.Release|Any CPU.Build.0 = Release|Any CPU
		{dfd7019c-bb86-3498-4973-5d336b1f52ef}.Debug|Any CPU.ActiveCfg = Debug|Any CPU
		{dfd7019c-bb86-3498-4973-5d336b1f52ef}.Debug|Any CPU.Build.0 = Debug|Any CPU
		{dfd7019c-bb86-3498-4973-5d336b1f52ef}.Release|Any CPU.ActiveCfg = Release|Any CPU
		{dfd7019c-bb86-3498-4973-5d336b1f52ef}.Release|Any CPU.Build.0 = Release|Any CPU
		{fe0f4466-fc68-3bfe-96b7-2ccaaefe0c97}.Debug|Any CPU.ActiveCfg = Debug|Any CPU
		{fe0f4466-fc68-3bfe-96b7-2ccaaefe0c97}.Debug|Any CPU.Build.0 = Debug|Any CPU
		{fe0f4466-fc68-3bfe-96b7-2ccaaefe0c97}.Release|Any CPU.ActiveCfg = Release|Any CPU
		{fe0f4466-fc68-3bfe-96b7-2ccaaefe0c97}.Release|Any CPU.Build.0 = Release|Any CPU
		{63b491c9-db19-5561-f15e-1c9ea0e3c9f0}.Debug|Any CPU.ActiveCfg = Debug|Any CPU
		{63b491c9-db19-5561-f15e-1c9ea0e3c9f0}.Debug|Any CPU.Build.0 = Debug|Any CPU
		{63b491c9-db19-5561-f15e-1c9ea0e3c9f0}.Release|Any CPU.ActiveCfg = Release|Any CPU
		{63b491c9-db19-5561-f15e-1c9ea0e3c9f0}.Release|Any CPU.Build.0 = Release|Any CPU
		{3887fc76-16b0-e25b-d964-8c25cc3023a6}.Debug|Any CPU.ActiveCfg = Debug|Any CPU
		{3887fc76-16b0-e25b-d964-8c25cc3023a6}.Debug|Any CPU.Build.0 = Debug|Any CPU
		{3887fc76-16b0-e25b-d964-8c25cc3023a6}.Release|Any CPU.ActiveCfg = Release|Any CPU
		{3887fc76-16b0-e25b-d964-8c25cc3023a6}.Release|Any CPU.Build.0 = Release|Any CPU
		{2c5a86f7-1354-6e9b-6019-90c0890a7359}.Debug|Any CPU.ActiveCfg = Debug|Any CPU
		{2c5a86f7-1354-6e9b-6019-90c0890a7359}.Debug|Any CPU.Build.0 = Debug|Any CPU
		{2c5a86f7-1354-6e9b-6019-90c0890a7359}.Release|Any CPU.ActiveCfg = Release|Any CPU
		{2c5a86f7-1354-6e9b-6019-90c0890a7359}.Release|Any CPU.Build.0 = Release|Any CPU
		{159e65f6-d363-1a6d-ec57-6db30da1b98f}.Debug|Any CPU.ActiveCfg = Debug|Any CPU
		{159e65f6-d363-1a6d-ec57-6db30da1b98f}.Debug|Any CPU.Build.0 = Debug|Any CPU
		{159e65f6-d363-1a6d-ec57-6db30da1b98f}.Release|Any CPU.ActiveCfg = Release|Any CPU
		{159e65f6-d363-1a6d-ec57-6db30da1b98f}.Release|Any CPU.Build.0 = Release|Any CPU
		{ce75414b-41d6-dd43-490f-e90c57bacb93}.Debug|Any CPU.ActiveCfg = Debug|Any CPU
		{ce75414b-41d6-dd43-490f-e90c57bacb93}.Debug|Any CPU.Build.0 = Debug|Any CPU
		{ce75414b-41d6-dd43-490f-e90c57bacb93}.Release|Any CPU.ActiveCfg = Release|Any CPU
		{ce75414b-41d6-dd43-490f-e90c57bacb93}.Release|Any CPU.Build.0 = Release|Any CPU
		{9f5687e3-5f72-c8f5-517b-584709b7d5d8}.Debug|Any CPU.ActiveCfg = Debug|Any CPU
		{9f5687e3-5f72-c8f5-517b-584709b7d5d8}.Debug|Any CPU.Build.0 = Debug|Any CPU
		{9f5687e3-5f72-c8f5-517b-584709b7d5d8}.Release|Any CPU.ActiveCfg = Release|Any CPU
		{9f5687e3-5f72-c8f5-517b-584709b7d5d8}.Release|Any CPU.Build.0 = Release|Any CPU
		{774b51b6-b901-b97e-d593-35721140fea6}.Debug|Any CPU.ActiveCfg = Debug|Any CPU
		{774b51b6-b901-b97e-d593-35721140fea6}.Debug|Any CPU.Build.0 = Debug|Any CPU
		{774b51b6-b901-b97e-d593-35721140fea6}.Release|Any CPU.ActiveCfg = Release|Any CPU
		{774b51b6-b901-b97e-d593-35721140fea6}.Release|Any CPU.Build.0 = Release|Any CPU
		{68583b7a-d0df-9c91-f3b4-d87588098186}.Debug|Any CPU.ActiveCfg = Debug|Any CPU
		{68583b7a-d0df-9c91-f3b4-d87588098186}.Debug|Any CPU.Build.0 = Debug|Any CPU
		{68583b7a-d0df-9c91-f3b4-d87588098186}.Release|Any CPU.ActiveCfg = Release|Any CPU
		{68583b7a-d0df-9c91-f3b4-d87588098186}.Release|Any CPU.Build.0 = Release|Any CPU
		{03938ccd-4b40-8dfb-6b9b-21988d5cac0a}.Debug|Any CPU.ActiveCfg = Debug|Any CPU
		{03938ccd-4b40-8dfb-6b9b-21988d5cac0a}.Debug|Any CPU.Build.0 = Debug|Any CPU
		{03938ccd-4b40-8dfb-6b9b-21988d5cac0a}.Release|Any CPU.ActiveCfg = Release|Any CPU
		{03938ccd-4b40-8dfb-6b9b-21988d5cac0a}.Release|Any CPU.Build.0 = Release|Any CPU
		{ae6df5c0-a92f-6e81-5f7e-f196d8ffe5f0}.Debug|Any CPU.ActiveCfg = Debug|Any CPU
		{ae6df5c0-a92f-6e81-5f7e-f196d8ffe5f0}.Debug|Any CPU.Build.0 = Debug|Any CPU
		{ae6df5c0-a92f-6e81-5f7e-f196d8ffe5f0}.Release|Any CPU.ActiveCfg = Release|Any CPU
		{ae6df5c0-a92f-6e81-5f7e-f196d8ffe5f0}.Release|Any CPU.Build.0 = Release|Any CPU
		{b8858eb3-3501-d713-3eb5-0c32e8dd6d32}.Debug|Any CPU.ActiveCfg = Debug|Any CPU
		{b8858eb3-3501-d713-3eb5-0c32e8dd6d32}.Debug|Any CPU.Build.0 = Debug|Any CPU
		{b8858eb3-3501-d713-3eb5-0c32e8dd6d32}.Release|Any CPU.ActiveCfg = Release|Any CPU
		{b8858eb3-3501-d713-3eb5-0c32e8dd6d32}.Release|Any CPU.Build.0 = Release|Any CPU
		{9f94db9c-5882-04d7-c896-b8fd99196c07}.Debug|Any CPU.ActiveCfg = Debug|Any CPU
		{9f94db9c-5882-04d7-c896-b8fd99196c07}.Debug|Any CPU.Build.0 = Debug|Any CPU
		{9f94db9c-5882-04d7-c896-b8fd99196c07}.Release|Any CPU.ActiveCfg = Release|Any CPU
		{9f94db9c-5882-04d7-c896-b8fd99196c07}.Release|Any CPU.Build.0 = Release|Any CPU
		{ba51a4c8-9239-d011-7194-803734f26959}.Debug|Any CPU.ActiveCfg = Debug|Any CPU
		{ba51a4c8-9239-d011-7194-803734f26959}.Debug|Any CPU.Build.0 = Debug|Any CPU
		{ba51a4c8-9239-d011-7194-803734f26959}.Release|Any CPU.ActiveCfg = Release|Any CPU
		{ba51a4c8-9239-d011-7194-803734f26959}.Release|Any CPU.Build.0 = Release|Any CPU
		{2fd67010-5958-e159-3cc0-c54cbefa2290}.Debug|Any CPU.ActiveCfg = Debug|Any CPU
		{2fd67010-5958-e159-3cc0-c54cbefa2290}.Debug|Any CPU.Build.0 = Debug|Any CPU
		{2fd67010-5958-e159-3cc0-c54cbefa2290}.Release|Any CPU.ActiveCfg = Release|Any CPU
		{2fd67010-5958-e159-3cc0-c54cbefa2290}.Release|Any CPU.Build.0 = Release|Any CPU
		{4f63daae-f5cd-01d3-9fa4-bd9bc22dc82d}.Debug|Any CPU.ActiveCfg = Debug|Any CPU
		{4f63daae-f5cd-01d3-9fa4-bd9bc22dc82d}.Debug|Any CPU.Build.0 = Debug|Any CPU
		{4f63daae-f5cd-01d3-9fa4-bd9bc22dc82d}.Release|Any CPU.ActiveCfg = Release|Any CPU
		{4f63daae-f5cd-01d3-9fa4-bd9bc22dc82d}.Release|Any CPU.Build.0 = Release|Any CPU
		{a9901dfa-ebb7-3afd-b6d6-cfd9d63240d4}.Debug|Any CPU.ActiveCfg = Debug|Any CPU
		{a9901dfa-ebb7-3afd-b6d6-cfd9d63240d4}.Debug|Any CPU.Build.0 = Debug|Any CPU
		{a9901dfa-ebb7-3afd-b6d6-cfd9d63240d4}.Release|Any CPU.ActiveCfg = Release|Any CPU
		{a9901dfa-ebb7-3afd-b6d6-cfd9d63240d4}.Release|Any CPU.Build.0 = Release|Any CPU
		{651b9223-1d49-3552-fade-892e6e843c3f}.Debug|Any CPU.ActiveCfg = Debug|Any CPU
		{651b9223-1d49-3552-fade-892e6e843c3f}.Debug|Any CPU.Build.0 = Debug|Any CPU
		{651b9223-1d49-3552-fade-892e6e843c3f}.Release|Any CPU.ActiveCfg = Release|Any CPU
		{651b9223-1d49-3552-fade-892e6e843c3f}.Release|Any CPU.Build.0 = Release|Any CPU
		{27a20443-6d8f-cd44-e004-04d9c7340939}.Debug|Any CPU.ActiveCfg = Debug|Any CPU
		{27a20443-6d8f-cd44-e004-04d9c7340939}.Debug|Any CPU.Build.0 = Debug|Any CPU
		{27a20443-6d8f-cd44-e004-04d9c7340939}.Release|Any CPU.ActiveCfg = Release|Any CPU
		{27a20443-6d8f-cd44-e004-04d9c7340939}.Release|Any CPU.Build.0 = Release|Any CPU
		{4bef6551-7042-78d6-30a6-28520a4ec193}.Debug|Any CPU.ActiveCfg = Debug|Any CPU
		{4bef6551-7042-78d6-30a6-28520a4ec193}.Debug|Any CPU.Build.0 = Debug|Any CPU
		{4bef6551-7042-78d6-30a6-28520a4ec193}.Release|Any CPU.ActiveCfg = Release|Any CPU
		{4bef6551-7042-78d6-30a6-28520a4ec193}.Release|Any CPU.Build.0 = Release|Any CPU
		{84d77f67-4616-0a38-4f03-16ab5e7769f7}.Debug|Any CPU.ActiveCfg = Debug|Any CPU
		{84d77f67-4616-0a38-4f03-16ab5e7769f7}.Debug|Any CPU.Build.0 = Debug|Any CPU
		{84d77f67-4616-0a38-4f03-16ab5e7769f7}.Release|Any CPU.ActiveCfg = Release|Any CPU
		{84d77f67-4616-0a38-4f03-16ab5e7769f7}.Release|Any CPU.Build.0 = Release|Any CPU
		{6e8e66a2-0be3-e495-3a31-56632ea60505}.Debug|Any CPU.ActiveCfg = Debug|Any CPU
		{6e8e66a2-0be3-e495-3a31-56632ea60505}.Debug|Any CPU.Build.0 = Debug|Any CPU
		{6e8e66a2-0be3-e495-3a31-56632ea60505}.Release|Any CPU.ActiveCfg = Release|Any CPU
		{6e8e66a2-0be3-e495-3a31-56632ea60505}.Release|Any CPU.Build.0 = Release|Any CPU
		{35b7e023-97a7-dbdc-b926-161520c4dc89}.Debug|Any CPU.ActiveCfg = Debug|Any CPU
		{35b7e023-97a7-dbdc-b926-161520c4dc89}.Debug|Any CPU.Build.0 = Debug|Any CPU
		{35b7e023-97a7-dbdc-b926-161520c4dc89}.Release|Any CPU.ActiveCfg = Release|Any CPU
		{35b7e023-97a7-dbdc-b926-161520c4dc89}.Release|Any CPU.Build.0 = Release|Any CPU
		{c6e61163-200a-3b38-320b-694068de37a5}.Debug|Any CPU.ActiveCfg = Debug|Any CPU
		{c6e61163-200a-3b38-320b-694068de37a5}.Debug|Any CPU.Build.0 = Debug|Any CPU
		{c6e61163-200a-3b38-320b-694068de37a5}.Release|Any CPU.ActiveCfg = Release|Any CPU
		{c6e61163-200a-3b38-320b-694068de37a5}.Release|Any CPU.Build.0 = Release|Any CPU
		{e0456168-1ba5-5e68-ef99-a1034c8b63ab}.Debug|Any CPU.ActiveCfg = Debug|Any CPU
		{e0456168-1ba5-5e68-ef99-a1034c8b63ab}.Debug|Any CPU.Build.0 = Debug|Any CPU
		{e0456168-1ba5-5e68-ef99-a1034c8b63ab}.Release|Any CPU.ActiveCfg = Release|Any CPU
		{e0456168-1ba5-5e68-ef99-a1034c8b63ab}.Release|Any CPU.Build.0 = Release|Any CPU
		{6befdd8c-23a1-33d8-aac6-996fc9568b1e}.Debug|Any CPU.ActiveCfg = Debug|Any CPU
		{6befdd8c-23a1-33d8-aac6-996fc9568b1e}.Debug|Any CPU.Build.0 = Debug|Any CPU
		{6befdd8c-23a1-33d8-aac6-996fc9568b1e}.Release|Any CPU.ActiveCfg = Release|Any CPU
		{6befdd8c-23a1-33d8-aac6-996fc9568b1e}.Release|Any CPU.Build.0 = Release|Any CPU
		{d4ea3cf6-4521-64a8-65f2-ff3cc0a4e30c}.Debug|Any CPU.ActiveCfg = Debug|Any CPU
		{d4ea3cf6-4521-64a8-65f2-ff3cc0a4e30c}.Debug|Any CPU.Build.0 = Debug|Any CPU
		{d4ea3cf6-4521-64a8-65f2-ff3cc0a4e30c}.Release|Any CPU.ActiveCfg = Release|Any CPU
		{d4ea3cf6-4521-64a8-65f2-ff3cc0a4e30c}.Release|Any CPU.Build.0 = Release|Any CPU
		{74e1c5c0-7c72-fa9f-cd43-b55bdef754da}.Debug|Any CPU.ActiveCfg = Debug|Any CPU
		{74e1c5c0-7c72-fa9f-cd43-b55bdef754da}.Debug|Any CPU.Build.0 = Debug|Any CPU
		{74e1c5c0-7c72-fa9f-cd43-b55bdef754da}.Release|Any CPU.ActiveCfg = Release|Any CPU
		{74e1c5c0-7c72-fa9f-cd43-b55bdef754da}.Release|Any CPU.Build.0 = Release|Any CPU
		{27c16002-6a26-6fb6-f4b6-79dfa3f17a36}.Debug|Any CPU.ActiveCfg = Debug|Any CPU
		{27c16002-6a26-6fb6-f4b6-79dfa3f17a36}.Debug|Any CPU.Build.0 = Debug|Any CPU
		{27c16002-6a26-6fb6-f4b6-79dfa3f17a36}.Release|Any CPU.ActiveCfg = Release|Any CPU
		{27c16002-6a26-6fb6-f4b6-79dfa3f17a36}.Release|Any CPU.Build.0 = Release|Any CPU
		{70f737f3-96c0-a435-36a5-5d782e401934}.Debug|Any CPU.ActiveCfg = Debug|Any CPU
		{70f737f3-96c0-a435-36a5-5d782e401934}.Debug|Any CPU.Build.0 = Debug|Any CPU
		{70f737f3-96c0-a435-36a5-5d782e401934}.Release|Any CPU.ActiveCfg = Release|Any CPU
		{70f737f3-96c0-a435-36a5-5d782e401934}.Release|Any CPU.Build.0 = Release|Any CPU
		{346bfd4e-0076-82ff-20d5-7a2add949d31}.Debug|Any CPU.ActiveCfg = Debug|Any CPU
		{346bfd4e-0076-82ff-20d5-7a2add949d31}.Debug|Any CPU.Build.0 = Debug|Any CPU
		{346bfd4e-0076-82ff-20d5-7a2add949d31}.Release|Any CPU.ActiveCfg = Release|Any CPU
		{346bfd4e-0076-82ff-20d5-7a2add949d31}.Release|Any CPU.Build.0 = Release|Any CPU
	EndGlobalSection
	GlobalSection(SolutionProperties) = preSolution
		HideSolutionNode = FALSE
	EndGlobalSection
EndGlobal
